
Microsoft Visual Studio Solution File, Format Version 12.00
# Visual Studio Version 16
VisualStudioVersion = 16.0.30204.135
MinimumVisualStudioVersion = 10.0.40219.1
Project("{9A19103F-16F7-4668-BE54-9A1E7A4F7556}") = "NUnitTestProject", "NUnitTestProject\NUnitTestProject.csproj", "{AD9866DD-2589-461E-A8D4-166D920517EC}"
EndProject
Global
	GlobalSection(SolutionConfigurationPlatforms) = preSolution
		Debug|Any CPU = Debug|Any CPU
		Release|Any CPU = Release|Any CPU
	EndGlobalSection
	GlobalSection(ProjectConfigurationPlatforms) = postSolution
		{AD9866DD-2589-461E-A8D4-166D920517EC}.Debug|Any CPU.ActiveCfg = Debug|Any CPU
		{AD9866DD-2589-461E-A8D4-166D920517EC}.Debug|Any CPU.Build.0 = Debug|Any CPU
		{AD9866DD-2589-461E-A8D4-166D920517EC}.Release|Any CPU.ActiveCfg = Release|Any CPU
		{AD9866DD-2589-461E-A8D4-166D920517EC}.Release|Any CPU.Build.0 = Release|Any CPU
	EndGlobalSection
	GlobalSection(SolutionProperties) = preSolution
		HideSolutionNode = FALSE
	EndGlobalSection
	GlobalSection(ExtensibilityGlobals) = postSolution
		SolutionGuid = {EBB77691-AB62-4112-A812-770188D53013}
	EndGlobalSection
EndGlobal
